
Microsoft Visual Studio Solution File, Format Version 12.00
# Visual Studio Version 16
VisualStudioVersion = 16.0.29609.76
MinimumVisualStudioVersion = 10.0.40219.1
Project("{FAE04EC0-301F-11D3-BF4B-00C04F79EFBC}") = "Galytix.Web.Api", "Galytix.Web.Api\Galytix.Web.Api.csproj", "{A667BAD0-BBBF-4545-9708-4BFAB1D638C5}"
EndProject
Project("{FAE04EC0-301F-11D3-BF4B-00C04F79EFBC}") = "Galytix.Data", "Galytix.Data\Galytix.Data.csproj", "{D209295D-9C59-4BCC-B3EA-627FED02B6A0}"
EndProject
Project("{FAE04EC0-301F-11D3-BF4B-00C04F79EFBC}") = "Galytix.Data.Models", "Galytix.Data.Models\Galytix.Data.Models.csproj", "{B817B7B4-005F-4C20-87AA-A733B06A7BDA}"
EndProject
Project("{2150E333-8FDC-42A3-9474-1A3956D46DE8}") = "Tests", "Tests", "{B6D20581-BF4E-4F6B-B2E8-8085276E7BFD}"
EndProject
Project("{FAE04EC0-301F-11D3-BF4B-00C04F79EFBC}") = "Galytix.Data.Tests", "Galytix.Data.Tests\Galytix.Data.Tests.csproj", "{44579470-9551-41A5-BC4E-21E72CB97CD0}"
EndProject
Project("{FAE04EC0-301F-11D3-BF4B-00C04F79EFBC}") = "Galytix.Services", "Galytix.Services\Galytix.Services.csproj", "{F15DE0A1-810F-4194-B8F0-8A2EDFA5793F}"
EndProject
Project("{FAE04EC0-301F-11D3-BF4B-00C04F79EFBC}") = "Galytix.Compute", "Galytix.Compute\Galytix.Compute.csproj", "{C2270EC3-901E-4A1A-8016-A183EFE61D26}"
EndProject
Project("{FAE04EC0-301F-11D3-BF4B-00C04F79EFBC}") = "Galytix.Utils", "Galytix.Utils\Galytix.Utils.csproj", "{16171030-FFCA-4216-8122-488CD90C038D}"
EndProject
Project("{FAE04EC0-301F-11D3-BF4B-00C04F79EFBC}") = "Galytix.Extensions", "Galytix.Extensions\Galytix.Extensions.csproj", "{35D1239A-B8E2-4840-A5BC-7A293184F2D8}"
EndProject
Global
	GlobalSection(SolutionConfigurationPlatforms) = preSolution
		Debug|Any CPU = Debug|Any CPU
		Release|Any CPU = Release|Any CPU
	EndGlobalSection
	GlobalSection(ProjectConfigurationPlatforms) = postSolution
		{A667BAD0-BBBF-4545-9708-4BFAB1D638C5}.Debug|Any CPU.ActiveCfg = Debug|Any CPU
		{A667BAD0-BBBF-4545-9708-4BFAB1D638C5}.Debug|Any CPU.Build.0 = Debug|Any CPU
		{A667BAD0-BBBF-4545-9708-4BFAB1D638C5}.Release|Any CPU.ActiveCfg = Release|Any CPU
		{A667BAD0-BBBF-4545-9708-4BFAB1D638C5}.Release|Any CPU.Build.0 = Release|Any CPU
		{D209295D-9C59-4BCC-B3EA-627FED02B6A0}.Debug|Any CPU.ActiveCfg = Debug|Any CPU
		{D209295D-9C59-4BCC-B3EA-627FED02B6A0}.Debug|Any CPU.Build.0 = Debug|Any CPU
		{D209295D-9C59-4BCC-B3EA-627FED02B6A0}.Release|Any CPU.ActiveCfg = Release|Any CPU
		{D209295D-9C59-4BCC-B3EA-627FED02B6A0}.Release|Any CPU.Build.0 = Release|Any CPU
		{B817B7B4-005F-4C20-87AA-A733B06A7BDA}.Debug|Any CPU.ActiveCfg = Debug|Any CPU
		{B817B7B4-005F-4C20-87AA-A733B06A7BDA}.Debug|Any CPU.Build.0 = Debug|Any CPU
		{B817B7B4-005F-4C20-87AA-A733B06A7BDA}.Release|Any CPU.ActiveCfg = Release|Any CPU
		{B817B7B4-005F-4C20-87AA-A733B06A7BDA}.Release|Any CPU.Build.0 = Release|Any CPU
		{44579470-9551-41A5-BC4E-21E72CB97CD0}.Debug|Any CPU.ActiveCfg = Debug|Any CPU
		{44579470-9551-41A5-BC4E-21E72CB97CD0}.Debug|Any CPU.Build.0 = Debug|Any CPU
		{44579470-9551-41A5-BC4E-21E72CB97CD0}.Release|Any CPU.ActiveCfg = Release|Any CPU
		{44579470-9551-41A5-BC4E-21E72CB97CD0}.Release|Any CPU.Build.0 = Release|Any CPU
		{F15DE0A1-810F-4194-B8F0-8A2EDFA5793F}.Debug|Any CPU.ActiveCfg = Debug|Any CPU
		{F15DE0A1-810F-4194-B8F0-8A2EDFA5793F}.Debug|Any CPU.Build.0 = Debug|Any CPU
		{F15DE0A1-810F-4194-B8F0-8A2EDFA5793F}.Release|Any CPU.ActiveCfg = Release|Any CPU
		{F15DE0A1-810F-4194-B8F0-8A2EDFA5793F}.Release|Any CPU.Build.0 = Release|Any CPU
		{C2270EC3-901E-4A1A-8016-A183EFE61D26}.Debug|Any CPU.ActiveCfg = Debug|Any CPU
		{C2270EC3-901E-4A1A-8016-A183EFE61D26}.Debug|Any CPU.Build.0 = Debug|Any CPU
		{C2270EC3-901E-4A1A-8016-A183EFE61D26}.Release|Any CPU.ActiveCfg = Release|Any CPU
		{C2270EC3-901E-4A1A-8016-A183EFE61D26}.Release|Any CPU.Build.0 = Release|Any CPU
		{16171030-FFCA-4216-8122-488CD90C038D}.Debug|Any CPU.ActiveCfg = Debug|Any CPU
		{16171030-FFCA-4216-8122-488CD90C038D}.Debug|Any CPU.Build.0 = Debug|Any CPU
		{16171030-FFCA-4216-8122-488CD90C038D}.Release|Any CPU.ActiveCfg = Release|Any CPU
		{16171030-FFCA-4216-8122-488CD90C038D}.Release|Any CPU.Build.0 = Release|Any CPU
		{35D1239A-B8E2-4840-A5BC-7A293184F2D8}.Debug|Any CPU.ActiveCfg = Debug|Any CPU
		{35D1239A-B8E2-4840-A5BC-7A293184F2D8}.Debug|Any CPU.Build.0 = Debug|Any CPU
		{35D1239A-B8E2-4840-A5BC-7A293184F2D8}.Release|Any CPU.ActiveCfg = Release|Any CPU
		{35D1239A-B8E2-4840-A5BC-7A293184F2D8}.Release|Any CPU.Build.0 = Release|Any CPU
	EndGlobalSection
	GlobalSection(SolutionProperties) = preSolution
		HideSolutionNode = FALSE
	EndGlobalSection
	GlobalSection(NestedProjects) = preSolution
		{44579470-9551-41A5-BC4E-21E72CB97CD0} = {B6D20581-BF4E-4F6B-B2E8-8085276E7BFD}
	EndGlobalSection
	GlobalSection(ExtensibilityGlobals) = postSolution
		SolutionGuid = {EBAB63CD-64B3-4E7D-A724-3501838441C3}
	EndGlobalSection
EndGlobal
